
Microsoft Visual Studio Solution File, Format Version 12.00
# Visual Studio 15
VisualStudioVersion = 15.0.28307.572
MinimumVisualStudioVersion = 10.0.40219.1
Project("{FAE04EC0-301F-11D3-BF4B-00C04F79EFBC}") = "Webseries Rental System", "Webseries\Webseries Rental System.csproj", "{782016D8-340C-478A-85DC-51584F26FA39}"
EndProject
Global
	GlobalSection(SolutionConfigurationPlatforms) = preSolution
		Debug|Any CPU = Debug|Any CPU
		Release|Any CPU = Release|Any CPU
	EndGlobalSection
	GlobalSection(ProjectConfigurationPlatforms) = postSolution
		{782016D8-340C-478A-85DC-51584F26FA39}.Debug|Any CPU.ActiveCfg = Debug|Any CPU
		{782016D8-340C-478A-85DC-51584F26FA39}.Debug|Any CPU.Build.0 = Debug|Any CPU
		{782016D8-340C-478A-85DC-51584F26FA39}.Release|Any CPU.ActiveCfg = Release|Any CPU
		{782016D8-340C-478A-85DC-51584F26FA39}.Release|Any CPU.Build.0 = Release|Any CPU
	EndGlobalSection
	GlobalSection(SolutionProperties) = preSolution
		HideSolutionNode = FALSE
	EndGlobalSection
	GlobalSection(ExtensibilityGlobals) = postSolution
		SolutionGuid = {9F72344E-5BA1-4B03-8194-1A15BE08129F}
	EndGlobalSection
EndGlobal
